
Microsoft Visual Studio Solution File, Format Version 12.00
# Visual Studio 15
VisualStudioVersion = 15.0.27130.2027
MinimumVisualStudioVersion = 10.0.40219.1
Project("{FAE04EC0-301F-11D3-BF4B-00C04F79EFBC}") = "OpenSchool", "OpenSchool\OpenSchool.csproj", "{0FE9C389-C7E5-41DD-9832-2370F38F2CB9}"
EndProject
Global
	GlobalSection(SolutionConfigurationPlatforms) = preSolution
		Debug|Any CPU = Debug|Any CPU
		Release|Any CPU = Release|Any CPU
	EndGlobalSection
	GlobalSection(ProjectConfigurationPlatforms) = postSolution
		{0FE9C389-C7E5-41DD-9832-2370F38F2CB9}.Debug|Any CPU.ActiveCfg = Debug|Any CPU
		{0FE9C389-C7E5-41DD-9832-2370F38F2CB9}.Debug|Any CPU.Build.0 = Debug|Any CPU
		{0FE9C389-C7E5-41DD-9832-2370F38F2CB9}.Release|Any CPU.ActiveCfg = Release|Any CPU
		{0FE9C389-C7E5-41DD-9832-2370F38F2CB9}.Release|Any CPU.Build.0 = Release|Any CPU
	EndGlobalSection
	GlobalSection(SolutionProperties) = preSolution
		HideSolutionNode = FALSE
	EndGlobalSection
	GlobalSection(ExtensibilityGlobals) = postSolution
		SolutionGuid = {8B0A87C9-BF74-4F05-9E15-2C335E3150BA}
	EndGlobalSection
	GlobalSection(TeamFoundationVersionControl) = preSolution
		SccNumberOfProjects = 1
		SccEnterpriseProvider = {4CA58AB2-18FA-4F8D-95D4-32DDF27D184C}
		SccTeamFoundationServer = https://openschool.visualstudio.com/
		SccProjectUniqueName0 = OpenSchool\\OpenSchool.csproj
		SccProjectName0 = OpenSchool
		SccAuxPath0 = https://openschool.visualstudio.com
		SccLocalPath0 = OpenSchool
		SccProvider0 = {4CA58AB2-18FA-4F8D-95D4-32DDF27D184C}
	EndGlobalSection
EndGlobal
